
Microsoft Visual Studio Solution File, Format Version 12.00
# Visual Studio Version 17
VisualStudioVersion = 17.5.002.0
MinimumVisualStudioVersion = 10.0.40219.1
Project("{9A19103F-16F7-4668-BE54-9A1E7A4F7556}") = "PlusMinus", "PlusMinus.csproj", "{5C97AF3B-7921-4DA0-9E45-208EA335BBB3}"
EndProject
Global
	GlobalSection(SolutionConfigurationPlatforms) = preSolution
		Debug|Any CPU = Debug|Any CPU
		Release|Any CPU = Release|Any CPU
	EndGlobalSection
	GlobalSection(ProjectConfigurationPlatforms) = postSolution
		{5C97AF3B-7921-4DA0-9E45-208EA335BBB3}.Debug|Any CPU.ActiveCfg = Debug|Any CPU
		{5C97AF3B-7921-4DA0-9E45-208EA335BBB3}.Debug|Any CPU.Build.0 = Debug|Any CPU
		{5C97AF3B-7921-4DA0-9E45-208EA335BBB3}.Release|Any CPU.ActiveCfg = Release|Any CPU
		{5C97AF3B-7921-4DA0-9E45-208EA335BBB3}.Release|Any CPU.Build.0 = Release|Any CPU
	EndGlobalSection
	GlobalSection(SolutionProperties) = preSolution
		HideSolutionNode = FALSE
	EndGlobalSection
	GlobalSection(ExtensibilityGlobals) = postSolution
		SolutionGuid = {4C30AADD-B4CE-4874-B06C-B3529AFC943A}
	EndGlobalSection
EndGlobal
